
Microsoft Visual Studio Solution File, Format Version 9.00
# Visual Studio 2005
Project("{FAE04EC0-301F-11D3-BF4B-00C04F79EFBC}") = "2005VB_test_CS.JavaEE", "2005VB_test_CS.JavaEE.csproj", "{12309B57-2BFF-4D7D-A289-BC7B6505C259}"
EndProject
Global
	GlobalSection(SolutionConfigurationPlatforms) = preSolution
		Debug_Java|Any CPU = Debug_Java|Any CPU
		Debug|Any CPU = Debug|Any CPU
		Edit|Any CPU = Edit|Any CPU
		Release_Java|Any CPU = Release_Java|Any CPU
		Release|Any CPU = Release|Any CPU
	EndGlobalSection
	GlobalSection(ProjectConfigurationPlatforms) = postSolution
		{12309B57-2BFF-4D7D-A289-BC7B6505C259}.Debug_Java|Any CPU.ActiveCfg = Debug_Java|Any CPU
		{12309B57-2BFF-4D7D-A289-BC7B6505C259}.Debug_Java|Any CPU.Build.0 = Debug_Java|Any CPU
		{12309B57-2BFF-4D7D-A289-BC7B6505C259}.Debug|Any CPU.ActiveCfg = Debug_Java|Any CPU
		{12309B57-2BFF-4D7D-A289-BC7B6505C259}.Debug|Any CPU.Build.0 = Debug_Java|Any CPU
		{12309B57-2BFF-4D7D-A289-BC7B6505C259}.Edit|Any CPU.ActiveCfg = Release_Java|Any CPU
		{12309B57-2BFF-4D7D-A289-BC7B6505C259}.Edit|Any CPU.Build.0 = Release_Java|Any CPU
		{12309B57-2BFF-4D7D-A289-BC7B6505C259}.Release_Java|Any CPU.ActiveCfg = Release_Java|Any CPU
		{12309B57-2BFF-4D7D-A289-BC7B6505C259}.Release_Java|Any CPU.Build.0 = Release_Java|Any CPU
		{12309B57-2BFF-4D7D-A289-BC7B6505C259}.Release|Any CPU.ActiveCfg = Release_Java|Any CPU
		{12309B57-2BFF-4D7D-A289-BC7B6505C259}.Release|Any CPU.Build.0 = Release_Java|Any CPU
	EndGlobalSection
	GlobalSection(SolutionProperties) = preSolution
		HideSolutionNode = FALSE
	EndGlobalSection
EndGlobal
