
Microsoft Visual Studio Solution File, Format Version 11.00
# Visual Studio 2010
Project("{F184B08F-C81C-45F6-A57F-5ABD9991F28F}") = "2010VB_tester", "2010VB_tester.vbproj", "{6AB917EA-3908-4445-9C5B-ED274F512839}"
EndProject
Project("{F184B08F-C81C-45F6-A57F-5ABD9991F28F}") = "2010VB", "..\Microsoft.VisualBasic\2010VB.vbproj", "{3F2C04ED-C36A-4EF9-9479-0227E9CA7824}"
EndProject
Project("{FAE04EC0-301F-11D3-BF4B-00C04F79EFBC}") = "2010VB_test_CS", "2010VB_test_CS.csproj", "{D1E99600-0061-4184-9778-85422E238DB9}"
EndProject
Project("{F184B08F-C81C-45F6-A57F-5ABD9991F28F}") = "2010VB_test_VB", "2010VB_test_VB.vbproj", "{8F18790F-3A66-4267-98F0-B9980C1F8383}"
EndProject
Global
	GlobalSection(SolutionConfigurationPlatforms) = preSolution
		Debug|Any CPU = Debug|Any CPU
		Edit|Any CPU = Edit|Any CPU
		Release|Any CPU = Release|Any CPU
	EndGlobalSection
	GlobalSection(ProjectConfigurationPlatforms) = postSolution
		{6AB917EA-3908-4445-9C5B-ED274F512839}.Debug|Any CPU.ActiveCfg = Debug|Any CPU
		{6AB917EA-3908-4445-9C5B-ED274F512839}.Debug|Any CPU.Build.0 = Debug|Any CPU
		{6AB917EA-3908-4445-9C5B-ED274F512839}.Edit|Any CPU.ActiveCfg = Edit|Any CPU
		{6AB917EA-3908-4445-9C5B-ED274F512839}.Edit|Any CPU.Build.0 = Edit|Any CPU
		{6AB917EA-3908-4445-9C5B-ED274F512839}.Release|Any CPU.ActiveCfg = Release|Any CPU
		{6AB917EA-3908-4445-9C5B-ED274F512839}.Release|Any CPU.Build.0 = Release|Any CPU
		{3F2C04ED-C36A-4EF9-9479-0227E9CA7824}.Debug|Any CPU.ActiveCfg = Debug|Any CPU
		{3F2C04ED-C36A-4EF9-9479-0227E9CA7824}.Debug|Any CPU.Build.0 = Debug|Any CPU
		{3F2C04ED-C36A-4EF9-9479-0227E9CA7824}.Edit|Any CPU.ActiveCfg = Debug|Any CPU
		{3F2C04ED-C36A-4EF9-9479-0227E9CA7824}.Edit|Any CPU.Build.0 = Debug|Any CPU
		{3F2C04ED-C36A-4EF9-9479-0227E9CA7824}.Release|Any CPU.ActiveCfg = Debug|Any CPU
		{3F2C04ED-C36A-4EF9-9479-0227E9CA7824}.Release|Any CPU.Build.0 = Debug|Any CPU
		{D1E99600-0061-4184-9778-85422E238DB9}.Debug|Any CPU.ActiveCfg = Debug|Any CPU
		{D1E99600-0061-4184-9778-85422E238DB9}.Debug|Any CPU.Build.0 = Debug|Any CPU
		{D1E99600-0061-4184-9778-85422E238DB9}.Edit|Any CPU.ActiveCfg = Edit|Any CPU
		{D1E99600-0061-4184-9778-85422E238DB9}.Edit|Any CPU.Build.0 = Edit|Any CPU
		{D1E99600-0061-4184-9778-85422E238DB9}.Release|Any CPU.ActiveCfg = Release|Any CPU
		{D1E99600-0061-4184-9778-85422E238DB9}.Release|Any CPU.Build.0 = Release|Any CPU
		{8F18790F-3A66-4267-98F0-B9980C1F8383}.Debug|Any CPU.ActiveCfg = Debug|Any CPU
		{8F18790F-3A66-4267-98F0-B9980C1F8383}.Debug|Any CPU.Build.0 = Debug|Any CPU
		{8F18790F-3A66-4267-98F0-B9980C1F8383}.Edit|Any CPU.ActiveCfg = Edit|Any CPU
		{8F18790F-3A66-4267-98F0-B9980C1F8383}.Edit|Any CPU.Build.0 = Edit|Any CPU
		{8F18790F-3A66-4267-98F0-B9980C1F8383}.Release|Any CPU.ActiveCfg = Release|Any CPU
		{8F18790F-3A66-4267-98F0-B9980C1F8383}.Release|Any CPU.Build.0 = Release|Any CPU
	EndGlobalSection
	GlobalSection(SolutionProperties) = preSolution
		HideSolutionNode = FALSE
	EndGlobalSection
EndGlobal
