
Microsoft Visual Studio Solution File, Format Version 9.00
# Visual Studio 2005
Project("{F184B08F-C81C-45F6-A57F-5ABD9991F28F}") = "WindowsApplication1", "WindowsApplication1.vbproj", "{D1B5CF98-4506-45D9-B8B6-C61E8F73FF5A}"
EndProject
Global
	GlobalSection(SolutionConfigurationPlatforms) = preSolution
		Debug|Any CPU = Debug|Any CPU
		Release|Any CPU = Release|Any CPU
	EndGlobalSection
	GlobalSection(ProjectConfigurationPlatforms) = postSolution
		{D1B5CF98-4506-45D9-B8B6-C61E8F73FF5A}.Debug|Any CPU.ActiveCfg = Debug|Any CPU
		{D1B5CF98-4506-45D9-B8B6-C61E8F73FF5A}.Debug|Any CPU.Build.0 = Debug|Any CPU
		{D1B5CF98-4506-45D9-B8B6-C61E8F73FF5A}.Release|Any CPU.ActiveCfg = Release|Any CPU
		{D1B5CF98-4506-45D9-B8B6-C61E8F73FF5A}.Release|Any CPU.Build.0 = Release|Any CPU
	EndGlobalSection
	GlobalSection(SolutionProperties) = preSolution
		HideSolutionNode = FALSE
	EndGlobalSection
EndGlobal
