Microsoft Visual Studio Solution File, Format Version 8.00
Project("{F184B08F-C81C-45F6-A57F-5ABD9991F28F}") = "2003VB", "2003VB.vbproj", "{65DFC19E-87E4-4A27-8A60-3AA62A5ADBB7}"
	ProjectSection(ProjectDependencies) = postProject
	EndProjectSection
EndProject
Project("{FAE04EC0-301F-11D3-BF4B-00C04F79EFBC}") = "2003VB_test", "2003VB_test.csproj", "{43F02988-31C6-4E9A-8837-EDD22214FEB1}"
	ProjectSection(ProjectDependencies) = postProject
	EndProjectSection
EndProject
Project("{F184B08F-C81C-45F6-A57F-5ABD9991F28F}") = "2003VB_test_VB", "2003VB_test_VB.vbproj", "{312BA3D2-28B3-4285-AFC6-80D9F05F7A08}"
	ProjectSection(ProjectDependencies) = postProject
	EndProjectSection
EndProject
Global
	GlobalSection(SolutionConfiguration) = preSolution
		Debug = Debug
		Release = Release
	EndGlobalSection
	GlobalSection(ProjectConfiguration) = postSolution
		{65DFC19E-87E4-4A27-8A60-3AA62A5ADBB7}.Debug.ActiveCfg = Debug|.NET
		{65DFC19E-87E4-4A27-8A60-3AA62A5ADBB7}.Release.ActiveCfg = Release|.NET
		{65DFC19E-87E4-4A27-8A60-3AA62A5ADBB7}.Release.Build.0 = Release|.NET
		{43F02988-31C6-4E9A-8837-EDD22214FEB1}.Debug.ActiveCfg = Debug|.NET
		{43F02988-31C6-4E9A-8837-EDD22214FEB1}.Debug.Build.0 = Debug|.NET
		{43F02988-31C6-4E9A-8837-EDD22214FEB1}.Release.ActiveCfg = Release|.NET
		{43F02988-31C6-4E9A-8837-EDD22214FEB1}.Release.Build.0 = Release|.NET
		{312BA3D2-28B3-4285-AFC6-80D9F05F7A08}.Debug.ActiveCfg = Debug|.NET
		{312BA3D2-28B3-4285-AFC6-80D9F05F7A08}.Debug.Build.0 = Debug|.NET
		{312BA3D2-28B3-4285-AFC6-80D9F05F7A08}.Release.ActiveCfg = Release|.NET
		{312BA3D2-28B3-4285-AFC6-80D9F05F7A08}.Release.Build.0 = Release|.NET
	EndGlobalSection
	GlobalSection(ExtensibilityGlobals) = postSolution
	EndGlobalSection
	GlobalSection(ExtensibilityAddIns) = postSolution
	EndGlobalSection
EndGlobal
