
Microsoft Visual Studio Solution File, Format Version 9.00
# Visual Studio 2005
Project("{F184B08F-C81C-45F6-A57F-5ABD9991F28F}") = "ac", "ac.vbproj", "{9FC4A8F1-7816-45E9-8F80-DA507657D8B1}"
EndProject
Global
	GlobalSection(SolutionConfigurationPlatforms) = preSolution
		Debug|Any CPU = Debug|Any CPU
		Release|Any CPU = Release|Any CPU
	EndGlobalSection
	GlobalSection(ProjectConfigurationPlatforms) = postSolution
		{9FC4A8F1-7816-45E9-8F80-DA507657D8B1}.Debug|Any CPU.ActiveCfg = Debug|Any CPU
		{9FC4A8F1-7816-45E9-8F80-DA507657D8B1}.Debug|Any CPU.Build.0 = Debug|Any CPU
		{9FC4A8F1-7816-45E9-8F80-DA507657D8B1}.Release|Any CPU.ActiveCfg = Release|Any CPU
		{9FC4A8F1-7816-45E9-8F80-DA507657D8B1}.Release|Any CPU.Build.0 = Release|Any CPU
	EndGlobalSection
	GlobalSection(SolutionProperties) = preSolution
		HideSolutionNode = FALSE
	EndGlobalSection
EndGlobal
