Microsoft Visual Studio Solution File, Format Version 8.00
Project("{FAE04EC0-301F-11D3-BF4B-00C04F79EFBC}") = "CSharp Test", "CSharp Test.csproj", "{9F7116C6-8F53-460D-8BE6-B1D36FA4DF82}"
	ProjectSection(ProjectDependencies) = postProject
	EndProjectSection
EndProject
Global
	GlobalSection(SolutionConfiguration) = preSolution
		Debug = Debug
		Release = Release
	EndGlobalSection
	GlobalSection(ProjectConfiguration) = postSolution
		{9F7116C6-8F53-460D-8BE6-B1D36FA4DF82}.Debug.ActiveCfg = Debug|.NET
		{9F7116C6-8F53-460D-8BE6-B1D36FA4DF82}.Debug.Build.0 = Debug|.NET
		{9F7116C6-8F53-460D-8BE6-B1D36FA4DF82}.Release.ActiveCfg = Release|.NET
		{9F7116C6-8F53-460D-8BE6-B1D36FA4DF82}.Release.Build.0 = Release|.NET
	EndGlobalSection
	GlobalSection(ExtensibilityGlobals) = postSolution
	EndGlobalSection
	GlobalSection(ExtensibilityAddIns) = postSolution
	EndGlobalSection
EndGlobal
