
Microsoft Visual Studio Solution File, Format Version 10.00
# Visual Studio 2008
Project("{F184B08F-C81C-45F6-A57F-5ABD9991F28F}") = "vbnc", "vbnc.vbproj", "{9D92F531-6418-47AA-BBE5-BE458CD46BE8}"
EndProject
Project("{FAE04EC0-301F-11D3-BF4B-00C04F79EFBC}") = "Mono.Cecil.VB", "..\..\cecil\Mono.Cecil.VB.csproj", "{D68133BD-1E63-496E-9EDE-4FBDBF77B486}"
EndProject
Project("{FAE04EC0-301F-11D3-BF4B-00C04F79EFBC}") = "Mono.Cecil.Mdb.VB", "..\..\cecil\symbols\mdb\Mono.Cecil.Mdb.VB.csproj", "{8559DD7F-A16F-46D0-A05A-9139FAEBA8FD}"
EndProject
Project("{FAE04EC0-301F-11D3-BF4B-00C04F79EFBC}") = "Mono.Cecil.Pdb.VB", "..\..\cecil\symbols\pdb\Mono.Cecil.Pdb.VB.csproj", "{63E6915C-7EA4-4D76-AB28-0D7191EEA626}"
EndProject
Global
	GlobalSection(SolutionConfigurationPlatforms) = preSolution
		Debug - No System.dll|Any CPU = Debug - No System.dll|Any CPU
		Debug|Any CPU = Debug|Any CPU
		Release|Any CPU = Release|Any CPU
		RuntimeTests|Any CPU = RuntimeTests|Any CPU
		Self Compile|Any CPU = Self Compile|Any CPU
	EndGlobalSection
	GlobalSection(ProjectConfigurationPlatforms) = postSolution
		{9D92F531-6418-47AA-BBE5-BE458CD46BE8}.Debug - No System.dll|Any CPU.ActiveCfg = Debug|Any CPU
		{9D92F531-6418-47AA-BBE5-BE458CD46BE8}.Debug - No System.dll|Any CPU.Build.0 = Debug|Any CPU
		{9D92F531-6418-47AA-BBE5-BE458CD46BE8}.Debug|Any CPU.ActiveCfg = Debug|Any CPU
		{9D92F531-6418-47AA-BBE5-BE458CD46BE8}.Debug|Any CPU.Build.0 = Debug|Any CPU
		{9D92F531-6418-47AA-BBE5-BE458CD46BE8}.Release|Any CPU.ActiveCfg = Release|Any CPU
		{9D92F531-6418-47AA-BBE5-BE458CD46BE8}.Release|Any CPU.Build.0 = Release|Any CPU
		{9D92F531-6418-47AA-BBE5-BE458CD46BE8}.RuntimeTests|Any CPU.ActiveCfg = Release|Any CPU
		{9D92F531-6418-47AA-BBE5-BE458CD46BE8}.RuntimeTests|Any CPU.Build.0 = Release|Any CPU
		{9D92F531-6418-47AA-BBE5-BE458CD46BE8}.Self Compile|Any CPU.ActiveCfg = Release|Any CPU
		{9D92F531-6418-47AA-BBE5-BE458CD46BE8}.Self Compile|Any CPU.Build.0 = Release|Any CPU
		{D68133BD-1E63-496E-9EDE-4FBDBF77B486}.Debug - No System.dll|Any CPU.ActiveCfg = Debug|Any CPU
		{D68133BD-1E63-496E-9EDE-4FBDBF77B486}.Debug - No System.dll|Any CPU.Build.0 = Debug|Any CPU
		{D68133BD-1E63-496E-9EDE-4FBDBF77B486}.Debug|Any CPU.ActiveCfg = Debug|Any CPU
		{D68133BD-1E63-496E-9EDE-4FBDBF77B486}.Debug|Any CPU.Build.0 = Debug|Any CPU
		{D68133BD-1E63-496E-9EDE-4FBDBF77B486}.Release|Any CPU.ActiveCfg = Release|Any CPU
		{D68133BD-1E63-496E-9EDE-4FBDBF77B486}.Release|Any CPU.Build.0 = Release|Any CPU
		{D68133BD-1E63-496E-9EDE-4FBDBF77B486}.RuntimeTests|Any CPU.ActiveCfg = Release|Any CPU
		{D68133BD-1E63-496E-9EDE-4FBDBF77B486}.RuntimeTests|Any CPU.Build.0 = Release|Any CPU
		{D68133BD-1E63-496E-9EDE-4FBDBF77B486}.Self Compile|Any CPU.ActiveCfg = Release|Any CPU
		{D68133BD-1E63-496E-9EDE-4FBDBF77B486}.Self Compile|Any CPU.Build.0 = Release|Any CPU
		{8559DD7F-A16F-46D0-A05A-9139FAEBA8FD}.Debug - No System.dll|Any CPU.ActiveCfg = Debug|Any CPU
		{8559DD7F-A16F-46D0-A05A-9139FAEBA8FD}.Debug - No System.dll|Any CPU.Build.0 = Debug|Any CPU
		{8559DD7F-A16F-46D0-A05A-9139FAEBA8FD}.Debug|Any CPU.ActiveCfg = Debug|Any CPU
		{8559DD7F-A16F-46D0-A05A-9139FAEBA8FD}.Debug|Any CPU.Build.0 = Debug|Any CPU
		{8559DD7F-A16F-46D0-A05A-9139FAEBA8FD}.Release|Any CPU.ActiveCfg = Release|Any CPU
		{8559DD7F-A16F-46D0-A05A-9139FAEBA8FD}.Release|Any CPU.Build.0 = Release|Any CPU
		{8559DD7F-A16F-46D0-A05A-9139FAEBA8FD}.RuntimeTests|Any CPU.ActiveCfg = Release|Any CPU
		{8559DD7F-A16F-46D0-A05A-9139FAEBA8FD}.RuntimeTests|Any CPU.Build.0 = Release|Any CPU
		{8559DD7F-A16F-46D0-A05A-9139FAEBA8FD}.Self Compile|Any CPU.ActiveCfg = Release|Any CPU
		{8559DD7F-A16F-46D0-A05A-9139FAEBA8FD}.Self Compile|Any CPU.Build.0 = Release|Any CPU
		{63E6915C-7EA4-4D76-AB28-0D7191EEA626}.Debug - No System.dll|Any CPU.ActiveCfg = Debug|Any CPU
		{63E6915C-7EA4-4D76-AB28-0D7191EEA626}.Debug - No System.dll|Any CPU.Build.0 = Debug|Any CPU
		{63E6915C-7EA4-4D76-AB28-0D7191EEA626}.Debug|Any CPU.ActiveCfg = Debug|Any CPU
		{63E6915C-7EA4-4D76-AB28-0D7191EEA626}.Debug|Any CPU.Build.0 = Debug|Any CPU
		{63E6915C-7EA4-4D76-AB28-0D7191EEA626}.Release|Any CPU.ActiveCfg = Release|Any CPU
		{63E6915C-7EA4-4D76-AB28-0D7191EEA626}.Release|Any CPU.Build.0 = Release|Any CPU
		{63E6915C-7EA4-4D76-AB28-0D7191EEA626}.RuntimeTests|Any CPU.ActiveCfg = Release|Any CPU
		{63E6915C-7EA4-4D76-AB28-0D7191EEA626}.RuntimeTests|Any CPU.Build.0 = Release|Any CPU
		{63E6915C-7EA4-4D76-AB28-0D7191EEA626}.Self Compile|Any CPU.ActiveCfg = Release|Any CPU
		{63E6915C-7EA4-4D76-AB28-0D7191EEA626}.Self Compile|Any CPU.Build.0 = Release|Any CPU
	EndGlobalSection
	GlobalSection(SolutionProperties) = preSolution
		HideSolutionNode = FALSE
	EndGlobalSection
EndGlobal
